
Microsoft Visual Studio Solution File, Format Version 10.00
# Visual Studio 2008
Project("{8BC9CEB8-8B4A-11D0-8D11-00A0C91BC942}") = "BLUE", "BLUE\BLUE.vcproj", "{85816230-795D-4BEE-A246-8DBD44FA41EB}"
EndProject
Project("{8BC9CEB8-8B4A-11D0-8D11-00A0C91BC942}") = "BLUETest", "BLUETest\BLUETest.vcproj", "{9E4FF122-397A-490D-9507-020FE97EC06D}"
	ProjectSection(ProjectDependencies) = postProject
		{85816230-795D-4BEE-A246-8DBD44FA41EB} = {85816230-795D-4BEE-A246-8DBD44FA41EB}
	EndProjectSection
EndProject
Global
	GlobalSection(SolutionConfigurationPlatforms) = preSolution
		Debug|Win32 = Debug|Win32
		Release|Win32 = Release|Win32
	EndGlobalSection
	GlobalSection(ProjectConfigurationPlatforms) = postSolution
		{85816230-795D-4BEE-A246-8DBD44FA41EB}.Debug|Win32.ActiveCfg = Debug|Win32
		{85816230-795D-4BEE-A246-8DBD44FA41EB}.Debug|Win32.Build.0 = Debug|Win32
		{85816230-795D-4BEE-A246-8DBD44FA41EB}.Release|Win32.ActiveCfg = Release|Win32
		{85816230-795D-4BEE-A246-8DBD44FA41EB}.Release|Win32.Build.0 = Release|Win32
		{9E4FF122-397A-490D-9507-020FE97EC06D}.Debug|Win32.ActiveCfg = Debug|Win32
		{9E4FF122-397A-490D-9507-020FE97EC06D}.Debug|Win32.Build.0 = Debug|Win32
		{9E4FF122-397A-490D-9507-020FE97EC06D}.Release|Win32.ActiveCfg = Release|Win32
		{9E4FF122-397A-490D-9507-020FE97EC06D}.Release|Win32.Build.0 = Release|Win32
	EndGlobalSection
	GlobalSection(SolutionProperties) = preSolution
		HideSolutionNode = FALSE
	EndGlobalSection
EndGlobal
